
Microsoft Visual Studio Solution File, Format Version 12.00
# Visual Studio 14
VisualStudioVersion = 14.0.23107.0
MinimumVisualStudioVersion = 10.0.40219.1
Project("{FAE04EC0-301F-11D3-BF4B-00C04F79EFBC}") = "AgodaDrawings", "AgodaDrawings\AgodaDrawings.csproj", "{4473E9E1-C55E-422C-9357-E6F3265DB85C}"
EndProject
Project("{FAE04EC0-301F-11D3-BF4B-00C04F79EFBC}") = "API", "API\API.csproj", "{93553CC0-67D5-4267-A518-B68CDF938D9F}"
EndProject
Project("{2150E333-8FDC-42A3-9474-1A3956D46DE8}") = "Drawing", "Drawing", "{C7B912C0-72E1-4BC1-9DA1-3D7EE3D2E5D6}"
EndProject
Project("{2150E333-8FDC-42A3-9474-1A3956D46DE8}") = "HttpService", "HttpService", "{381FEF37-D811-49F1-8485-035EA0959C4B}"
EndProject
Project("{FAE04EC0-301F-11D3-BF4B-00C04F79EFBC}") = "API.Business.Services.Interfaces", "API.Business.Interfaces\API.Business.Services.Interfaces.csproj", "{A0D2EA57-F552-4047-A42D-163D51B72C65}"
EndProject
Project("{FAE04EC0-301F-11D3-BF4B-00C04F79EFBC}") = "API.Business.Services.Implementation", "API.Business.Implementation\API.Business.Services.Implementation.csproj", "{147B1743-C97D-4AC8-949B-9A67E3884416}"
EndProject
Project("{FAE04EC0-301F-11D3-BF4B-00C04F79EFBC}") = "API.Repository.Interfaces", "API.Repository.Interfaces\API.Repository.Interfaces.csproj", "{32F9C1E8-CCC2-4185-B909-31B203EB05F9}"
EndProject
Project("{FAE04EC0-301F-11D3-BF4B-00C04F79EFBC}") = "API.Repository.CSV", "API.Repository.Implementation\API.Repository.CSV.csproj", "{018DCF35-5E8C-439D-8B4E-B889DCAABE04}"
EndProject
Project("{FAE04EC0-301F-11D3-BF4B-00C04F79EFBC}") = "API.Domain", "API.Domain\API.Domain.csproj", "{13C108D7-8F8E-427A-AC06-5F05771B5A81}"
EndProject
Project("{FAE04EC0-301F-11D3-BF4B-00C04F79EFBC}") = "Api.Infrastructure", "Api.Infrastructure\Api.Infrastructure.csproj", "{D9EB3646-566F-489A-B206-453BE375494E}"
EndProject
Project("{FAE04EC0-301F-11D3-BF4B-00C04F79EFBC}") = "API.Tests", "API.Tests\API.Tests.csproj", "{F8A3B7E7-B11D-4453-831C-B997B17AB289}"
EndProject
Global
	GlobalSection(SolutionConfigurationPlatforms) = preSolution
		Debug|Any CPU = Debug|Any CPU
		Release|Any CPU = Release|Any CPU
	EndGlobalSection
	GlobalSection(ProjectConfigurationPlatforms) = postSolution
		{4473E9E1-C55E-422C-9357-E6F3265DB85C}.Debug|Any CPU.ActiveCfg = Debug|Any CPU
		{4473E9E1-C55E-422C-9357-E6F3265DB85C}.Debug|Any CPU.Build.0 = Debug|Any CPU
		{4473E9E1-C55E-422C-9357-E6F3265DB85C}.Release|Any CPU.ActiveCfg = Release|Any CPU
		{4473E9E1-C55E-422C-9357-E6F3265DB85C}.Release|Any CPU.Build.0 = Release|Any CPU
		{93553CC0-67D5-4267-A518-B68CDF938D9F}.Debug|Any CPU.ActiveCfg = Debug|Any CPU
		{93553CC0-67D5-4267-A518-B68CDF938D9F}.Debug|Any CPU.Build.0 = Debug|Any CPU
		{93553CC0-67D5-4267-A518-B68CDF938D9F}.Release|Any CPU.ActiveCfg = Release|Any CPU
		{93553CC0-67D5-4267-A518-B68CDF938D9F}.Release|Any CPU.Build.0 = Release|Any CPU
		{A0D2EA57-F552-4047-A42D-163D51B72C65}.Debug|Any CPU.ActiveCfg = Debug|Any CPU
		{A0D2EA57-F552-4047-A42D-163D51B72C65}.Debug|Any CPU.Build.0 = Debug|Any CPU
		{A0D2EA57-F552-4047-A42D-163D51B72C65}.Release|Any CPU.ActiveCfg = Release|Any CPU
		{A0D2EA57-F552-4047-A42D-163D51B72C65}.Release|Any CPU.Build.0 = Release|Any CPU
		{147B1743-C97D-4AC8-949B-9A67E3884416}.Debug|Any CPU.ActiveCfg = Debug|Any CPU
		{147B1743-C97D-4AC8-949B-9A67E3884416}.Debug|Any CPU.Build.0 = Debug|Any CPU
		{147B1743-C97D-4AC8-949B-9A67E3884416}.Release|Any CPU.ActiveCfg = Release|Any CPU
		{147B1743-C97D-4AC8-949B-9A67E3884416}.Release|Any CPU.Build.0 = Release|Any CPU
		{32F9C1E8-CCC2-4185-B909-31B203EB05F9}.Debug|Any CPU.ActiveCfg = Debug|Any CPU
		{32F9C1E8-CCC2-4185-B909-31B203EB05F9}.Debug|Any CPU.Build.0 = Debug|Any CPU
		{32F9C1E8-CCC2-4185-B909-31B203EB05F9}.Release|Any CPU.ActiveCfg = Release|Any CPU
		{32F9C1E8-CCC2-4185-B909-31B203EB05F9}.Release|Any CPU.Build.0 = Release|Any CPU
		{018DCF35-5E8C-439D-8B4E-B889DCAABE04}.Debug|Any CPU.ActiveCfg = Debug|Any CPU
		{018DCF35-5E8C-439D-8B4E-B889DCAABE04}.Debug|Any CPU.Build.0 = Debug|Any CPU
		{018DCF35-5E8C-439D-8B4E-B889DCAABE04}.Release|Any CPU.ActiveCfg = Release|Any CPU
		{018DCF35-5E8C-439D-8B4E-B889DCAABE04}.Release|Any CPU.Build.0 = Release|Any CPU
		{13C108D7-8F8E-427A-AC06-5F05771B5A81}.Debug|Any CPU.ActiveCfg = Debug|Any CPU
		{13C108D7-8F8E-427A-AC06-5F05771B5A81}.Debug|Any CPU.Build.0 = Debug|Any CPU
		{13C108D7-8F8E-427A-AC06-5F05771B5A81}.Release|Any CPU.ActiveCfg = Release|Any CPU
		{13C108D7-8F8E-427A-AC06-5F05771B5A81}.Release|Any CPU.Build.0 = Release|Any CPU
		{D9EB3646-566F-489A-B206-453BE375494E}.Debug|Any CPU.ActiveCfg = Debug|Any CPU
		{D9EB3646-566F-489A-B206-453BE375494E}.Debug|Any CPU.Build.0 = Debug|Any CPU
		{D9EB3646-566F-489A-B206-453BE375494E}.Release|Any CPU.ActiveCfg = Release|Any CPU
		{D9EB3646-566F-489A-B206-453BE375494E}.Release|Any CPU.Build.0 = Release|Any CPU
		{F8A3B7E7-B11D-4453-831C-B997B17AB289}.Debug|Any CPU.ActiveCfg = Debug|Any CPU
		{F8A3B7E7-B11D-4453-831C-B997B17AB289}.Debug|Any CPU.Build.0 = Debug|Any CPU
		{F8A3B7E7-B11D-4453-831C-B997B17AB289}.Release|Any CPU.ActiveCfg = Release|Any CPU
		{F8A3B7E7-B11D-4453-831C-B997B17AB289}.Release|Any CPU.Build.0 = Release|Any CPU
	EndGlobalSection
	GlobalSection(SolutionProperties) = preSolution
		HideSolutionNode = FALSE
	EndGlobalSection
	GlobalSection(NestedProjects) = preSolution
		{4473E9E1-C55E-422C-9357-E6F3265DB85C} = {C7B912C0-72E1-4BC1-9DA1-3D7EE3D2E5D6}
		{93553CC0-67D5-4267-A518-B68CDF938D9F} = {381FEF37-D811-49F1-8485-035EA0959C4B}
		{A0D2EA57-F552-4047-A42D-163D51B72C65} = {381FEF37-D811-49F1-8485-035EA0959C4B}
		{147B1743-C97D-4AC8-949B-9A67E3884416} = {381FEF37-D811-49F1-8485-035EA0959C4B}
		{32F9C1E8-CCC2-4185-B909-31B203EB05F9} = {381FEF37-D811-49F1-8485-035EA0959C4B}
		{018DCF35-5E8C-439D-8B4E-B889DCAABE04} = {381FEF37-D811-49F1-8485-035EA0959C4B}
		{13C108D7-8F8E-427A-AC06-5F05771B5A81} = {381FEF37-D811-49F1-8485-035EA0959C4B}
		{D9EB3646-566F-489A-B206-453BE375494E} = {381FEF37-D811-49F1-8485-035EA0959C4B}
		{F8A3B7E7-B11D-4453-831C-B997B17AB289} = {381FEF37-D811-49F1-8485-035EA0959C4B}
	EndGlobalSection
EndGlobal
